// !$*UTF8*$!
{
	archiveVersion = 1;
	classes = {
	};
	objectVersion = 50;
	objects = {

/* Begin PBXBuildFile section */
		5A39B4362536DA1C00B083BC /* AppDelegate.swift in Sources */ = {isa = PBXBuildFile; fileRef = 5A39B4352536DA1C00B083BC /* AppDelegate.swift */; };
		5A39B4382536DA1C00B083BC /* SceneDelegate.swift in Sources */ = {isa = PBXBuildFile; fileRef = 5A39B4372536DA1C00B083BC /* SceneDelegate.swift */; };
		5A39B43A2536DA1C00B083BC /* ViewController.swift in Sources */ = {isa = PBXBuildFile; fileRef = 5A39B4392536DA1C00B083BC /* ViewController.swift */; };
		5A39B43D2536DA1C00B083BC /* Main.storyboard in Resources */ = {isa = PBXBuildFile; fileRef = 5A39B43B2536DA1C00B083BC /* Main.storyboard */; };
		5A39B43F2536DA1D00B083BC /* Assets.xcassets in Resources */ = {isa = PBXBuildFile; fileRef = 5A39B43E2536DA1D00B083BC /* Assets.xcassets */; };
		5A39B4422536DA1D00B083BC /* LaunchScreen.storyboard in Resources */ = {isa = PBXBuildFile; fileRef = 5A39B4402536DA1D00B083BC /* LaunchScreen.storyboard */; };
		5A39B44D2536DA1D00B083BC /* CGRectTests.swift in Sources */ = {isa = PBXBuildFile; fileRef = 5A39B44C2536DA1D00B083BC /* CGRectTests.swift */; };
		5A39B4582536DA1D00B083BC /* CGRectUITests.swift in Sources */ = {isa = PBXBuildFile; fileRef = 5A39B4572536DA1D00B083BC /* CGRectUITests.swift */; };
/* End PBXBuildFile section */

/* Begin PBXContainerItemProxy section */
		5A39B4492536DA1D00B083BC /* PBXContainerItemProxy */ = {
			isa = PBXContainerItemProxy;
			containerPortal = 5A39B42A2536DA1C00B083BC /* Project object */;
			proxyType = 1;
			remoteGlobalIDString = 5A39B4312536DA1C00B083BC;
			remoteInfo = CGRect;
		};
		5A39B4542536DA1D00B083BC /* PBXContainerItemProxy */ = {
			isa = PBXContainerItemProxy;
			containerPortal = 5A39B42A2536DA1C00B083BC /* Project object */;
			proxyType = 1;
			remoteGlobalIDString = 5A39B4312536DA1C00B083BC;
			remoteInfo = CGRect;
		};
/* End PBXContainerItemProxy section */

/* Begin PBXFileReference section */
		5A39B4322536DA1C00B083BC /* CGRect.app */ = {isa = PBXFileReference; explicitFileType = wrapper.application; includeInIndex = 0; path = CGRect.app; sourceTree = BUILT_PRODUCTS_DIR; };
		5A39B4352536DA1C00B083BC /* AppDelegate.swift */ = {isa = PBXFileReference; lastKnownFileType = sourcecode.swift; path = AppDelegate.swift; sourceTree = "<group>"; };
		5A39B4372536DA1C00B083BC /* SceneDelegate.swift */ = {isa = PBXFileReference; lastKnownFileType = sourcecode.swift; path = SceneDelegate.swift; sourceTree = "<group>"; };
		5A39B4392536DA1C00B083BC /* ViewController.swift */ = {isa = PBXFileReference; lastKnownFileType = sourcecode.swift; path = ViewController.swift; sourceTree = "<group>"; };
		5A39B43C2536DA1C00B083BC /* Base */ = {isa = PBXFileReference; lastKnownFileType = file.storyboard; name = Base; path = Base.lproj/Main.storyboard; sourceTree = "<group>"; };
		5A39B43E2536DA1D00B083BC /* Assets.xcassets */ = {isa = PBXFileReference; lastKnownFileType = folder.assetcatalog; path = Assets.xcassets; sourceTree = "<group>"; };
		5A39B4412536DA1D00B083BC /* Base */ = {isa = PBXFileReference; lastKnownFileType = file.storyboard; name = Base; path = Base.lproj/LaunchScreen.storyboard; sourceTree = "<group>"; };
		5A39B4432536DA1D00B083BC /* Info.plist */ = {isa = PBXFileReference; lastKnownFileType = text.plist.xml; path = Info.plist; sourceTree = "<group>"; };
		5A39B4482536DA1D00B083BC /* CGRectTests.xctest */ = {isa = PBXFileReference; explicitFileType = wrapper.cfbundle; includeInIndex = 0; path = CGRectTests.xctest; sourceTree = BUILT_PRODUCTS_DIR; };
		5A39B44C2536DA1D00B083BC /* CGRectTests.swift */ = {isa = PBXFileReference; lastKnownFileType = sourcecode.swift; path = CGRectTests.swift; sourceTree = "<group>"; };
		5A39B44E2536DA1D00B083BC /* Info.plist */ = {isa = PBXFileReference; lastKnownFileType = text.plist.xml; path = Info.plist; sourceTree = "<group>"; };
		5A39B4532536DA1D00B083BC /* CGRectUITests.xctest */ = {isa = PBXFileReference; explicitFileType = wrapper.cfbundle; includeInIndex = 0; path = CGRectUITests.xctest; sourceTree = BUILT_PRODUCTS_DIR; };
		5A39B4572536DA1D00B083BC /* CGRectUITests.swift */ = {isa = PBXFileReference; lastKnownFileType = sourcecode.swift; path = CGRectUITests.swift; sourceTree = "<group>"; };
		5A39B4592536DA1D00B083BC /* Info.plist */ = {isa = PBXFileReference; lastKnownFileType = text.plist.xml; path = Info.plist; sourceTree = "<group>"; };
/* End PBXFileReference section */

/* Begin PBXFrameworksBuildPhase section */
		5A39B42F2536DA1C00B083BC /* Frameworks */ = {
			isa = PBXFrameworksBuildPhase;
			buildActionMask = 2147483647;
			files = (
			);
			runOnlyForDeploymentPostprocessing = 0;
		};
		5A39B4452536DA1D00B083BC /* Frameworks */ = {
			isa = PBXFrameworksBuildPhase;
			buildActionMask = 2147483647;
			files = (
			);
			runOnlyForDeploymentPostprocessing = 0;
		};
		5A39B4502536DA1D00B083BC /* Frameworks */ = {
			isa = PBXFrameworksBuildPhase;
			buildActionMask = 2147483647;
			files = (
			);
			runOnlyForDeploymentPostprocessing = 0;
		};
/* End PBXFrameworksBuildPhase section */

/* Begin PBXGroup section */
		5A39B4292536DA1C00B083BC = {
			isa = PBXGroup;
			children = (
				5A39B4342536DA1C00B083BC /* CGRect */,
				5A39B44B2536DA1D00B083BC /* CGRectTests */,
				5A39B4562536DA1D00B083BC /* CGRectUITests */,
				5A39B4332536DA1C00B083BC /* Products */,
			);
			sourceTree = "<group>";
		};
		5A39B4332536DA1C00B083BC /* Products */ = {
			isa = PBXGroup;
			children = (
				5A39B4322536DA1C00B083BC /* CGRect.app */,
				5A39B4482536DA1D00B083BC /* CGRectTests.xctest */,
				5A39B4532536DA1D00B083BC /* CGRectUITests.xctest */,
			);
			name = Products;
			sourceTree = "<group>";
		};
		5A39B4342536DA1C00B083BC /* CGRect */ = {
			isa = PBXGroup;
			children = (
				5A39B4352536DA1C00B083BC /* AppDelegate.swift */,
				5A39B4372536DA1C00B083BC /* SceneDelegate.swift */,
				5A39B4392536DA1C00B083BC /* ViewController.swift */,
				5A39B43B2536DA1C00B083BC /* Main.storyboard */,
				5A39B43E2536DA1D00B083BC /* Assets.xcassets */,
				5A39B4402536DA1D00B083BC /* LaunchScreen.storyboard */,
				5A39B4432536DA1D00B083BC /* Info.plist */,
			);
			path = CGRect;
			sourceTree = "<group>";
		};
		5A39B44B2536DA1D00B083BC /* CGRectTests */ = {
			isa = PBXGroup;
			children = (
				5A39B44C2536DA1D00B083BC /* CGRectTests.swift */,
				5A39B44E2536DA1D00B083BC /* Info.plist */,
			);
			path = CGRectTests;
			sourceTree = "<group>";
		};
		5A39B4562536DA1D00B083BC /* CGRectUITests */ = {
			isa = PBXGroup;
			children = (
				5A39B4572536DA1D00B083BC /* CGRectUITests.swift */,
				5A39B4592536DA1D00B083BC /* Info.plist */,
			);
			path = CGRectUITests;
			sourceTree = "<group>";
		};
/* End PBXGroup section */

/* Begin PBXNativeTarget section */
		5A39B4312536DA1C00B083BC /* CGRect */ = {
			isa = PBXNativeTarget;
			buildConfigurationList = 5A39B45C2536DA1D00B083BC /* Build configuration list for PBXNativeTarget "CGRect" */;
			buildPhases = (
				5A39B42E2536DA1C00B083BC /* Sources */,
				5A39B42F2536DA1C00B083BC /* Frameworks */,
				5A39B4302536DA1C00B083BC /* Resources */,
			);
			buildRules = (
			);
			dependencies = (
			);
			name = CGRect;
			productName = CGRect;
			productReference = 5A39B4322536DA1C00B083BC /* CGRect.app */;
			productType = "com.apple.product-type.application";
		};
		5A39B4472536DA1D00B083BC /* CGRectTests */ = {
			isa = PBXNativeTarget;
			buildConfigurationList = 5A39B45F2536DA1D00B083BC /* Build configuration list for PBXNativeTarget "CGRectTests" */;
			buildPhases = (
				5A39B4442536DA1D00B083BC /* Sources */,
				5A39B4452536DA1D00B083BC /* Frameworks */,
				5A39B4462536DA1D00B083BC /* Resources */,
			);
			buildRules = (
			);
			dependencies = (
				5A39B44A2536DA1D00B083BC /* PBXTargetDependency */,
			);
			name = CGRectTests;
			productName = CGRectTests;
			productReference = 5A39B4482536DA1D00B083BC /* CGRectTests.xctest */;
			productType = "com.apple.product-type.bundle.unit-test";
		};
		5A39B4522536DA1D00B083BC /* CGRectUITests */ = {
			isa = PBXNativeTarget;
			buildConfigurationList = 5A39B4622536DA1D00B083BC /* Build configuration list for PBXNativeTarget "CGRectUITests" */;
			buildPhases = (
				5A39B44F2536DA1D00B083BC /* Sources */,
				5A39B4502536DA1D00B083BC /* Frameworks */,
				5A39B4512536DA1D00B083BC /* Resources */,
			);
			buildRules = (
			);
			dependencies = (
				5A39B4552536DA1D00B083BC /* PBXTargetDependency */,
			);
			name = CGRectUITests;
			productName = CGRectUITests;
			productReference = 5A39B4532536DA1D00B083BC /* CGRectUITests.xctest */;
			productType = "com.apple.product-type.bundle.ui-testing";
		};
/* End PBXNativeTarget section */

/* Begin PBXProject section */
		5A39B42A2536DA1C00B083BC /* Project object */ = {
			isa = PBXProject;
			attributes = {
				LastSwiftUpdateCheck = 1200;
				LastUpgradeCheck = 1200;
				TargetAttributes = {
					5A39B4312536DA1C00B083BC = {
						CreatedOnToolsVersion = 12.0;
					};
					5A39B4472536DA1D00B083BC = {
						CreatedOnToolsVersion = 12.0;
						TestTargetID = 5A39B4312536DA1C00B083BC;
					};
					5A39B4522536DA1D00B083BC = {
						CreatedOnToolsVersion = 12.0;
						TestTargetID = 5A39B4312536DA1C00B083BC;
					};
				};
			};
			buildConfigurationList = 5A39B42D2536DA1C00B083BC /* Build configuration list for PBXProject "CGRect" */;
			compatibilityVersion = "Xcode 9.3";
			developmentRegion = en;
			hasScannedForEncodings = 0;
			knownRegions = (
				en,
				Base,
			);
			mainGroup = 5A39B4292536DA1C00B083BC;
			productRefGroup = 5A39B4332536DA1C00B083BC /* Products */;
			projectDirPath = "";
			projectRoot = "";
			targets = (
				5A39B4312536DA1C00B083BC /* CGRect */,
				5A39B4472536DA1D00B083BC /* CGRectTests */,
				5A39B4522536DA1D00B083BC /* CGRectUITests */,
			);
		};
/* End PBXProject section */

/* Begin PBXResourcesBuildPhase section */
		5A39B4302536DA1C00B083BC /* Resources */ = {
			isa = PBXResourcesBuildPhase;
			buildActionMask = 2147483647;
			files = (
				5A39B4422536DA1D00B083BC /* LaunchScreen.storyboard in Resources */,
				5A39B43F2536DA1D00B083BC /* Assets.xcassets in Resources */,
				5A39B43D2536DA1C00B083BC /* Main.storyboard in Resources */,
			);
			runOnlyForDeploymentPostprocessing = 0;
		};
		5A39B4462536DA1D00B083BC /* Resources */ = {
			isa = PBXResourcesBuildPhase;
			buildActionMask = 2147483647;
			files = (
			);
			runOnlyForDeploymentPostprocessing = 0;
		};
		5A39B4512536DA1D00B083BC /* Resources */ = {
			isa = PBXResourcesBuildPhase;
			buildActionMask = 2147483647;
			files = (
			);
			runOnlyForDeploymentPostprocessing = 0;
		};
/* End PBXResourcesBuildPhase section */

/* Begin PBXSourcesBuildPhase section */
		5A39B42E2536DA1C00B083BC /* Sources */ = {
			isa = PBXSourcesBuildPhase;
			buildActionMask = 2147483647;
			files = (
				5A39B43A2536DA1C00B083BC /* ViewController.swift in Sources */,
				5A39B4362536DA1C00B083BC /* AppDelegate.swift in Sources */,
				5A39B4382536DA1C00B083BC /* SceneDelegate.swift in Sources */,
			);
			runOnlyForDeploymentPostprocessing = 0;
		};
		5A39B4442536DA1D00B083BC /* Sources */ = {
			isa = PBXSourcesBuildPhase;
			buildActionMask = 2147483647;
			files = (
				5A39B44D2536DA1D00B083BC /* CGRectTests.swift in Sources */,
			);
			runOnlyForDeploymentPostprocessing = 0;
		};
		5A39B44F2536DA1D00B083BC /* Sources */ = {
			isa = PBXSourcesBuildPhase;
			buildActionMask = 2147483647;
			files = (
				5A39B4582536DA1D00B083BC /* CGRectUITests.swift in Sources */,
			);
			runOnlyForDeploymentPostprocessing = 0;
		};
/* End PBXSourcesBuildPhase section */

/* Begin PBXTargetDependency section */
		5A39B44A2536DA1D00B083BC /* PBXTargetDependency */ = {
			isa = PBXTargetDependency;
			target = 5A39B4312536DA1C00B083BC /* CGRect */;
			targetProxy = 5A39B4492536DA1D00B083BC /* PBXContainerItemProxy */;
		};
		5A39B4552536DA1D00B083BC /* PBXTargetDependency */ = {
			isa = PBXTargetDependency;
			target = 5A39B4312536DA1C00B083BC /* CGRect */;
			targetProxy = 5A39B4542536DA1D00B083BC /* PBXContainerItemProxy */;
		};
/* End PBXTargetDependency section */

/* Begin PBXVariantGroup section */
		5A39B43B2536DA1C00B083BC /* Main.storyboard */ = {
			isa = PBXVariantGroup;
			children = (
				5A39B43C2536DA1C00B083BC /* Base */,
			);
			name = Main.storyboard;
			sourceTree = "<group>";
		};
		5A39B4402536DA1D00B083BC /* LaunchScreen.storyboard */ = {
			isa = PBXVariantGroup;
			children = (
				5A39B4412536DA1D00B083BC /* Base */,
			);
			name = LaunchScreen.storyboard;
			sourceTree = "<group>";
		};
/* End PBXVariantGroup section */

/* Begin XCBuildConfiguration section */
		5A39B45A2536DA1D00B083BC /* Debug */ = {
			isa = XCBuildConfiguration;
			buildSettings = {
				ALWAYS_SEARCH_USER_PATHS = NO;
				CLANG_ANALYZER_NONNULL = YES;
				CLANG_ANALYZER_NUMBER_OBJECT_CONVERSION = YES_AGGRESSIVE;
				CLANG_CXX_LANGUAGE_STANDARD = "gnu++14";
				CLANG_CXX_LIBRARY = "libc++";
				CLANG_ENABLE_MODULES = YES;
				CLANG_ENABLE_OBJC_ARC = YES;
				CLANG_ENABLE_OBJC_WEAK = YES;
				CLANG_WARN_BLOCK_CAPTURE_AUTORELEASING = YES;
				CLANG_WARN_BOOL_CONVERSION = YES;
				CLANG_WARN_COMMA = YES;
				CLANG_WARN_CONSTANT_CONVERSION = YES;
				CLANG_WARN_DEPRECATED_OBJC_IMPLEMENTATIONS = YES;
				CLANG_WARN_DIRECT_OBJC_ISA_USAGE = YES_ERROR;
				CLANG_WARN_DOCUMENTATION_COMMENTS = YES;
				CLANG_WARN_EMPTY_BODY = YES;
				CLANG_WARN_ENUM_CONVERSION = YES;
				CLANG_WARN_INFINITE_RECURSION = YES;
				CLANG_WARN_INT_CONVERSION = YES;
				CLANG_WARN_NON_LITERAL_NULL_CONVERSION = YES;
				CLANG_WARN_OBJC_IMPLICIT_RETAIN_SELF = YES;
				CLANG_WARN_OBJC_LITERAL_CONVERSION = YES;
				CLANG_WARN_OBJC_ROOT_CLASS = YES_ERROR;
				CLANG_WARN_QUOTED_INCLUDE_IN_FRAMEWORK_HEADER = YES;
				CLANG_WARN_RANGE_LOOP_ANALYSIS = YES;
				CLANG_WARN_STRICT_PROTOTYPES = YES;
				CLANG_WARN_SUSPICIOUS_MOVE = YES;
				CLANG_WARN_UNGUARDED_AVAILABILITY = YES_AGGRESSIVE;
				CLANG_WARN_UNREACHABLE_CODE = YES;
				CLANG_WARN__DUPLICATE_METHOD_MATCH = YES;
				COPY_PHASE_STRIP = NO;
				DEBUG_INFORMATION_FORMAT = dwarf;
				ENABLE_STRICT_OBJC_MSGSEND = YES;
				ENABLE_TESTABILITY = YES;
				GCC_C_LANGUAGE_STANDARD = gnu11;
				GCC_DYNAMIC_NO_PIC = NO;
				GCC_NO_COMMON_BLOCKS = YES;
				GCC_OPTIMIZATION_LEVEL = 0;
				GCC_PREPROCESSOR_DEFINITIONS = (
					"DEBUG=1",
					"$(inherited)",
				);
				GCC_WARN_64_TO_32_BIT_CONVERSION = YES;
				GCC_WARN_ABOUT_RETURN_TYPE = YES_ERROR;
				GCC_WARN_UNDECLARED_SELECTOR = YES;
				GCC_WARN_UNINITIALIZED_AUTOS = YES_AGGRESSIVE;
				GCC_WARN_UNUSED_FUNCTION = YES;
				GCC_WARN_UNUSED_VARIABLE = YES;
				IPHONEOS_DEPLOYMENT_TARGET = 14.0;
				MTL_ENABLE_DEBUG_INFO = INCLUDE_SOURCE;
				MTL_FAST_MATH = YES;
				ONLY_ACTIVE_ARCH = YES;
				SDKROOT = iphoneos;
				SWIFT_ACTIVE_COMPILATION_CONDITIONS = DEBUG;
				SWIFT_OPTIMIZATION_LEVEL = "-Onone";
			};
			name = Debug;
		};
		5A39B45B2536DA1D00B083BC /* Release */ = {
			isa = XCBuildConfiguration;
			buildSettings = {
				ALWAYS_SEARCH_USER_PATHS = NO;
				CLANG_ANALYZER_NONNULL = YES;
				CLANG_ANALYZER_NUMBER_OBJECT_CONVERSION = YES_AGGRESSIVE;
				CLANG_CXX_LANGUAGE_STANDARD = "gnu++14";
				CLANG_CXX_LIBRARY = "libc++";
				CLANG_ENABLE_MODULES = YES;
				CLANG_ENABLE_OBJC_ARC = YES;
				CLANG_ENABLE_OBJC_WEAK = YES;
				CLANG_WARN_BLOCK_CAPTURE_AUTORELEASING = YES;
				CLANG_WARN_BOOL_CONVERSION = YES;
				CLANG_WARN_COMMA = YES;
				CLANG_WARN_CONSTANT_CONVERSION = YES;
				CLANG_WARN_DEPRECATED_OBJC_IMPLEMENTATIONS = YES;
				CLANG_WARN_DIRECT_OBJC_ISA_USAGE = YES_ERROR;
				CLANG_WARN_DOCUMENTATION_COMMENTS = YES;
				CLANG_WARN_EMPTY_BODY = YES;
				CLANG_WARN_ENUM_CONVERSION = YES;
				CLANG_WARN_INFINITE_RECURSION = YES;
				CLANG_WARN_INT_CONVERSION = YES;
				CLANG_WARN_NON_LITERAL_NULL_CONVERSION = YES;
				CLANG_WARN_OBJC_IMPLICIT_RETAIN_SELF = YES;
				CLANG_WARN_OBJC_LITERAL_CONVERSION = YES;
				CLANG_WARN_OBJC_ROOT_CLASS = YES_ERROR;
				CLANG_WARN_QUOTED_INCLUDE_IN_FRAMEWORK_HEADER = YES;
				CLANG_WARN_RANGE_LOOP_ANALYSIS = YES;
				CLANG_WARN_STRICT_PROTOTYPES = YES;
				CLANG_WARN_SUSPICIOUS_MOVE = YES;
				CLANG_WARN_UNGUARDED_AVAILABILITY = YES_AGGRESSIVE;
				CLANG_WARN_UNREACHABLE_CODE = YES;
				CLANG_WARN__DUPLICATE_METHOD_MATCH = YES;
				COPY_PHASE_STRIP = NO;
				DEBUG_INFORMATION_FORMAT = "dwarf-with-dsym";
				ENABLE_NS_ASSERTIONS = NO;
				ENABLE_STRICT_OBJC_MSGSEND = YES;
				GCC_C_LANGUAGE_STANDARD = gnu11;
				GCC_NO_COMMON_BLOCKS = YES;
				GCC_WARN_64_TO_32_BIT_CONVERSION = YES;
				GCC_WARN_ABOUT_RETURN_TYPE = YES_ERROR;
				GCC_WARN_UNDECLARED_SELECTOR = YES;
				GCC_WARN_UNINITIALIZED_AUTOS = YES_AGGRESSIVE;
				GCC_WARN_UNUSED_FUNCTION = YES;
				GCC_WARN_UNUSED_VARIABLE = YES;
				IPHONEOS_DEPLOYMENT_TARGET = 14.0;
				MTL_ENABLE_DEBUG_INFO = NO;
				MTL_FAST_MATH = YES;
				SDKROOT = iphoneos;
				SWIFT_COMPILATION_MODE = wholemodule;
				SWIFT_OPTIMIZATION_LEVEL = "-O";
				VALIDATE_PRODUCT = YES;
			};
			name = Release;
		};
		5A39B45D2536DA1D00B083BC /* Debug */ = {
			isa = XCBuildConfiguration;
			buildSettings = {
				ASSETCATALOG_COMPILER_APPICON_NAME = AppIcon;
				ASSETCATALOG_COMPILER_GLOBAL_ACCENT_COLOR_NAME = AccentColor;
				CODE_SIGN_STYLE = Automatic;
				INFOPLIST_FILE = CGRect/Info.plist;
				LD_RUNPATH_SEARCH_PATHS = (
					"$(inherited)",
					"@executable_path/Frameworks",
				);
				PRODUCT_BUNDLE_IDENTIFIER = tuwaiq.ashwaq.CGRect;
				PRODUCT_NAME = "$(TARGET_NAME)";
				SWIFT_VERSION = 5.0;
				TARGETED_DEVICE_FAMILY = "1,2";
			};
			name = Debug;
		};
		5A39B45E2536DA1D00B083BC /* Release */ = {
			isa = XCBuildConfiguration;
			buildSettings = {
				ASSETCATALOG_COMPILER_APPICON_NAME = AppIcon;
				ASSETCATALOG_COMPILER_GLOBAL_ACCENT_COLOR_NAME = AccentColor;
				CODE_SIGN_STYLE = Automatic;
				INFOPLIST_FILE = CGRect/Info.plist;
				LD_RUNPATH_SEARCH_PATHS = (
					"$(inherited)",
					"@executable_path/Frameworks",
				);
				PRODUCT_BUNDLE_IDENTIFIER = tuwaiq.ashwaq.CGRect;
				PRODUCT_NAME = "$(TARGET_NAME)";
				SWIFT_VERSION = 5.0;
				TARGETED_DEVICE_FAMILY = "1,2";
			};
			name = Release;
		};
		5A39B4602536DA1D00B083BC /* Debug */ = {
			isa = XCBuildConfiguration;
			buildSettings = {
				ALWAYS_EMBED_SWIFT_STANDARD_LIBRARIES = YES;
				BUNDLE_LOADER = "$(TEST_HOST)";
				CODE_SIGN_STYLE = Automatic;
				INFOPLIST_FILE = CGRectTests/Info.plist;
				IPHONEOS_DEPLOYMENT_TARGET = 14.0;
				LD_RUNPATH_SEARCH_PATHS = (
					"$(inherited)",
					"@executable_path/Frameworks",
					"@loader_path/Frameworks",
				);
				PRODUCT_BUNDLE_IDENTIFIER = tuwaiq.ashwaq.CGRectTests;
				PRODUCT_NAME = "$(TARGET_NAME)";
				SWIFT_VERSION = 5.0;
				TARGETED_DEVICE_FAMILY = "1,2";
				TEST_HOST = "$(BUILT_PRODUCTS_DIR)/CGRect.app/CGRect";
			};
			name = Debug;
		};
		5A39B4612536DA1D00B083BC /* Release */ = {
			isa = XCBuildConfiguration;
			buildSettings = {
				ALWAYS_EMBED_SWIFT_STANDARD_LIBRARIES = YES;
				BUNDLE_LOADER = "$(TEST_HOST)";
				CODE_SIGN_STYLE = Automatic;
				INFOPLIST_FILE = CGRectTests/Info.plist;
				IPHONEOS_DEPLOYMENT_TARGET = 14.0;
				LD_RUNPATH_SEARCH_PATHS = (
					"$(inherited)",
					"@executable_path/Frameworks",
					"@loader_path/Frameworks",
				);
				PRODUCT_BUNDLE_IDENTIFIER = tuwaiq.ashwaq.CGRectTests;
				PRODUCT_NAME = "$(TARGET_NAME)";
				SWIFT_VERSION = 5.0;
				TARGETED_DEVICE_FAMILY = "1,2";
				TEST_HOST = "$(BUILT_PRODUCTS_DIR)/CGRect.app/CGRect";
			};
			name = Release;
		};
		5A39B4632536DA1D00B083BC /* Debug */ = {
			isa = XCBuildConfiguration;
			buildSettings = {
				ALWAYS_EMBED_SWIFT_STANDARD_LIBRARIES = YES;
				CODE_SIGN_STYLE = Automatic;
				INFOPLIST_FILE = CGRectUITests/Info.plist;
				LD_RUNPATH_SEARCH_PATHS = (
					"$(inherited)",
					"@executable_path/Frameworks",
					"@loader_path/Frameworks",
				);
				PRODUCT_BUNDLE_IDENTIFIER = tuwaiq.ashwaq.CGRectUITests;
				PRODUCT_NAME = "$(TARGET_NAME)";
				SWIFT_VERSION = 5.0;
				TARGETED_DEVICE_FAMILY = "1,2";
				TEST_TARGET_NAME = CGRect;
			};
			name = Debug;
		};
		5A39B4642536DA1D00B083BC /* Release */ = {
			isa = XCBuildConfiguration;
			buildSettings = {
				ALWAYS_EMBED_SWIFT_STANDARD_LIBRARIES = YES;
				CODE_SIGN_STYLE = Automatic;
				INFOPLIST_FILE = CGRectUITests/Info.plist;
				LD_RUNPATH_SEARCH_PATHS = (
					"$(inherited)",
					"@executable_path/Frameworks",
					"@loader_path/Frameworks",
				);
				PRODUCT_BUNDLE_IDENTIFIER = tuwaiq.ashwaq.CGRectUITests;
				PRODUCT_NAME = "$(TARGET_NAME)";
				SWIFT_VERSION = 5.0;
				TARGETED_DEVICE_FAMILY = "1,2";
				TEST_TARGET_NAME = CGRect;
			};
			name = Release;
		};
/* End XCBuildConfiguration section */

/* Begin XCConfigurationList section */
		5A39B42D2536DA1C00B083BC /* Build configuration list for PBXProject "CGRect" */ = {
			isa = XCConfigurationList;
			buildConfigurations = (
				5A39B45A2536DA1D00B083BC /* Debug */,
				5A39B45B2536DA1D00B083BC /* Release */,
			);
			defaultConfigurationIsVisible = 0;
			defaultConfigurationName = Release;
		};
		5A39B45C2536DA1D00B083BC /* Build configuration list for PBXNativeTarget "CGRect" */ = {
			isa = XCConfigurationList;
			buildConfigurations = (
				5A39B45D2536DA1D00B083BC /* Debug */,
				5A39B45E2536DA1D00B083BC /* Release */,
			);
			defaultConfigurationIsVisible = 0;
			defaultConfigurationName = Release;
		};
		5A39B45F2536DA1D00B083BC /* Build configuration list for PBXNativeTarget "CGRectTests" */ = {
			isa = XCConfigurationList;
			buildConfigurations = (
				5A39B4602536DA1D00B083BC /* Debug */,
				5A39B4612536DA1D00B083BC /* Release */,
			);
			defaultConfigurationIsVisible = 0;
			defaultConfigurationName = Release;
		};
		5A39B4622536DA1D00B083BC /* Build configuration list for PBXNativeTarget "CGRectUITests" */ = {
			isa = XCConfigurationList;
			buildConfigurations = (
				5A39B4632536DA1D00B083BC /* Debug */,
				5A39B4642536DA1D00B083BC /* Release */,
			);
			defaultConfigurationIsVisible = 0;
			defaultConfigurationName = Release;
		};
/* End XCConfigurationList section */
	};
	rootObject = 5A39B42A2536DA1C00B083BC /* Project object */;
}
